// !$*UTF8*$!
{
	archiveVersion = 1;
	classes = {
	};
	objectVersion = 46;
	objects = {

/* Begin PBXBuildFile section */
		214EA4091BB54FC4009FDB78 /* main.m in Sources */ = {isa = PBXBuildFile; fileRef = 214EA4081BB54FC4009FDB78 /* main.m */; };
		214EA40C1BB54FC4009FDB78 /* AppDelegate.m in Sources */ = {isa = PBXBuildFile; fileRef = 214EA40B1BB54FC4009FDB78 /* AppDelegate.m */; };
		214EA40F1BB54FC4009FDB78 /* ViewController.m in Sources */ = {isa = PBXBuildFile; fileRef = 214EA40E1BB54FC4009FDB78 /* ViewController.m */; };
		214EA4121BB54FC4009FDB78 /* Main.storyboard in Resources */ = {isa = PBXBuildFile; fileRef = 214EA4101BB54FC4009FDB78 /* Main.storyboard */; };
		214EA4141BB54FC4009FDB78 /* Images.xcassets in Resources */ = {isa = PBXBuildFile; fileRef = 214EA4131BB54FC4009FDB78 /* Images.xcassets */; };
		214EA4171BB54FC4009FDB78 /* LaunchScreen.xib in Resources */ = {isa = PBXBuildFile; fileRef = 214EA4151BB54FC4009FDB78 /* LaunchScreen.xib */; };
		214EA4231BB54FC4009FDB78 /* XCacheTests.m in Sources */ = {isa = PBXBuildFile; fileRef = 214EA4221BB54FC4009FDB78 /* XCacheTests.m */; };
		214EA4311BB550A2009FDB78 /* XCache.m in Sources */ = {isa = PBXBuildFile; fileRef = 214EA4301BB550A2009FDB78 /* XCache.m */; };
		214EA4341BB550C5009FDB78 /* XCacheConfig.m in Sources */ = {isa = PBXBuildFile; fileRef = 214EA4331BB550C5009FDB78 /* XCacheConfig.m */; };
		214EA4371BB550CC009FDB78 /* XCacheQueue.m in Sources */ = {isa = PBXBuildFile; fileRef = 214EA4361BB550CC009FDB78 /* XCacheQueue.m */; };
		214EA43A1BB550D6009FDB78 /* XCachePool.m in Sources */ = {isa = PBXBuildFile; fileRef = 214EA4391BB550D6009FDB78 /* XCachePool.m */; };
		214EA43D1BB55124009FDB78 /* XCacheObject.m in Sources */ = {isa = PBXBuildFile; fileRef = 214EA43C1BB55124009FDB78 /* XCacheObject.m */; };
/* End PBXBuildFile section */

/* Begin PBXContainerItemProxy section */
		214EA41D1BB54FC4009FDB78 /* PBXContainerItemProxy */ = {
			isa = PBXContainerItemProxy;
			containerPortal = 214EA3FB1BB54FC4009FDB78 /* Project object */;
			proxyType = 1;
			remoteGlobalIDString = 214EA4021BB54FC4009FDB78;
			remoteInfo = XCache;
		};
/* End PBXContainerItemProxy section */

/* Begin PBXFileReference section */
		214EA4031BB54FC4009FDB78 /* XCache.app */ = {isa = PBXFileReference; explicitFileType = wrapper.application; includeInIndex = 0; path = XCache.app; sourceTree = BUILT_PRODUCTS_DIR; };
		214EA4071BB54FC4009FDB78 /* Info.plist */ = {isa = PBXFileReference; lastKnownFileType = text.plist.xml; path = Info.plist; sourceTree = "<group>"; };
		214EA4081BB54FC4009FDB78 /* main.m */ = {isa = PBXFileReference; lastKnownFileType = sourcecode.c.objc; path = main.m; sourceTree = "<group>"; };
		214EA40A1BB54FC4009FDB78 /* AppDelegate.h */ = {isa = PBXFileReference; lastKnownFileType = sourcecode.c.h; path = AppDelegate.h; sourceTree = "<group>"; };
		214EA40B1BB54FC4009FDB78 /* AppDelegate.m */ = {isa = PBXFileReference; lastKnownFileType = sourcecode.c.objc; path = AppDelegate.m; sourceTree = "<group>"; };
		214EA40D1BB54FC4009FDB78 /* ViewController.h */ = {isa = PBXFileReference; lastKnownFileType = sourcecode.c.h; path = ViewController.h; sourceTree = "<group>"; };
		214EA40E1BB54FC4009FDB78 /* ViewController.m */ = {isa = PBXFileReference; lastKnownFileType = sourcecode.c.objc; path = ViewController.m; sourceTree = "<group>"; };
		214EA4111BB54FC4009FDB78 /* Base */ = {isa = PBXFileReference; lastKnownFileType = file.storyboard; name = Base; path = Base.lproj/Main.storyboard; sourceTree = "<group>"; };
		214EA4131BB54FC4009FDB78 /* Images.xcassets */ = {isa = PBXFileReference; lastKnownFileType = folder.assetcatalog; path = Images.xcassets; sourceTree = "<group>"; };
		214EA4161BB54FC4009FDB78 /* Base */ = {isa = PBXFileReference; lastKnownFileType = file.xib; name = Base; path = Base.lproj/LaunchScreen.xib; sourceTree = "<group>"; };
		214EA41C1BB54FC4009FDB78 /* XCacheTests.xctest */ = {isa = PBXFileReference; explicitFileType = wrapper.cfbundle; includeInIndex = 0; path = XCacheTests.xctest; sourceTree = BUILT_PRODUCTS_DIR; };
		214EA4211BB54FC4009FDB78 /* Info.plist */ = {isa = PBXFileReference; lastKnownFileType = text.plist.xml; path = Info.plist; sourceTree = "<group>"; };
		214EA4221BB54FC4009FDB78 /* XCacheTests.m */ = {isa = PBXFileReference; lastKnownFileType = sourcecode.c.objc; path = XCacheTests.m; sourceTree = "<group>"; };
		214EA42E1BB55097009FDB78 /* XCacheHeader.h */ = {isa = PBXFileReference; lastKnownFileType = sourcecode.c.h; path = XCacheHeader.h; sourceTree = "<group>"; };
		214EA42F1BB550A2009FDB78 /* XCache.h */ = {isa = PBXFileReference; fileEncoding = 4; lastKnownFileType = sourcecode.c.h; path = XCache.h; sourceTree = "<group>"; };
		214EA4301BB550A2009FDB78 /* XCache.m */ = {isa = PBXFileReference; fileEncoding = 4; lastKnownFileType = sourcecode.c.objc; path = XCache.m; sourceTree = "<group>"; };
		214EA4321BB550C5009FDB78 /* XCacheConfig.h */ = {isa = PBXFileReference; fileEncoding = 4; lastKnownFileType = sourcecode.c.h; path = XCacheConfig.h; sourceTree = "<group>"; };
		214EA4331BB550C5009FDB78 /* XCacheConfig.m */ = {isa = PBXFileReference; fileEncoding = 4; lastKnownFileType = sourcecode.c.objc; path = XCacheConfig.m; sourceTree = "<group>"; };
		214EA4351BB550CC009FDB78 /* XCacheQueue.h */ = {isa = PBXFileReference; fileEncoding = 4; lastKnownFileType = sourcecode.c.h; path = XCacheQueue.h; sourceTree = "<group>"; };
		214EA4361BB550CC009FDB78 /* XCacheQueue.m */ = {isa = PBXFileReference; fileEncoding = 4; lastKnownFileType = sourcecode.c.objc; path = XCacheQueue.m; sourceTree = "<group>"; };
		214EA4381BB550D6009FDB78 /* XCachePool.h */ = {isa = PBXFileReference; fileEncoding = 4; lastKnownFileType = sourcecode.c.h; path = XCachePool.h; sourceTree = "<group>"; };
		214EA4391BB550D6009FDB78 /* XCachePool.m */ = {isa = PBXFileReference; fileEncoding = 4; lastKnownFileType = sourcecode.c.objc; path = XCachePool.m; sourceTree = "<group>"; };
		214EA43B1BB55124009FDB78 /* XCacheObject.h */ = {isa = PBXFileReference; fileEncoding = 4; lastKnownFileType = sourcecode.c.h; path = XCacheObject.h; sourceTree = "<group>"; };
		214EA43C1BB55124009FDB78 /* XCacheObject.m */ = {isa = PBXFileReference; fileEncoding = 4; lastKnownFileType = sourcecode.c.objc; path = XCacheObject.m; sourceTree = "<group>"; };
/* End PBXFileReference section */

/* Begin PBXFrameworksBuildPhase section */
		214EA4001BB54FC4009FDB78 /* Frameworks */ = {
			isa = PBXFrameworksBuildPhase;
			buildActionMask = 2147483647;
			files = (
			);
			runOnlyForDeploymentPostprocessing = 0;
		};
		214EA4191BB54FC4009FDB78 /* Frameworks */ = {
			isa = PBXFrameworksBuildPhase;
			buildActionMask = 2147483647;
			files = (
			);
			runOnlyForDeploymentPostprocessing = 0;
		};
/* End PBXFrameworksBuildPhase section */

/* Begin PBXGroup section */
		214EA3FA1BB54FC4009FDB78 = {
			isa = PBXGroup;
			children = (
				214EA4051BB54FC4009FDB78 /* XCache */,
				214EA41F1BB54FC4009FDB78 /* XCacheTests */,
				214EA4041BB54FC4009FDB78 /* Products */,
			);
			sourceTree = "<group>";
		};
		214EA4041BB54FC4009FDB78 /* Products */ = {
			isa = PBXGroup;
			children = (
				214EA4031BB54FC4009FDB78 /* XCache.app */,
				214EA41C1BB54FC4009FDB78 /* XCacheTests.xctest */,
			);
			name = Products;
			sourceTree = "<group>";
		};
		214EA4051BB54FC4009FDB78 /* XCache */ = {
			isa = PBXGroup;
			children = (
				214EA42C1BB54FCE009FDB78 /* Lib */,
				214EA40A1BB54FC4009FDB78 /* AppDelegate.h */,
				214EA40B1BB54FC4009FDB78 /* AppDelegate.m */,
				214EA40D1BB54FC4009FDB78 /* ViewController.h */,
				214EA40E1BB54FC4009FDB78 /* ViewController.m */,
				214EA4101BB54FC4009FDB78 /* Main.storyboard */,
				214EA4131BB54FC4009FDB78 /* Images.xcassets */,
				214EA4151BB54FC4009FDB78 /* LaunchScreen.xib */,
				214EA4061BB54FC4009FDB78 /* Supporting Files */,
			);
			path = XCache;
			sourceTree = "<group>";
		};
		214EA4061BB54FC4009FDB78 /* Supporting Files */ = {
			isa = PBXGroup;
			children = (
				214EA4071BB54FC4009FDB78 /* Info.plist */,
				214EA4081BB54FC4009FDB78 /* main.m */,
			);
			name = "Supporting Files";
			sourceTree = "<group>";
		};
		214EA41F1BB54FC4009FDB78 /* XCacheTests */ = {
			isa = PBXGroup;
			children = (
				214EA4221BB54FC4009FDB78 /* XCacheTests.m */,
				214EA4201BB54FC4009FDB78 /* Supporting Files */,
			);
			path = XCacheTests;
			sourceTree = "<group>";
		};
		214EA4201BB54FC4009FDB78 /* Supporting Files */ = {
			isa = PBXGroup;
			children = (
				214EA4211BB54FC4009FDB78 /* Info.plist */,
			);
			name = "Supporting Files";
			sourceTree = "<group>";
		};
		214EA42C1BB54FCE009FDB78 /* Lib */ = {
			isa = PBXGroup;
			children = (
				214EA42E1BB55097009FDB78 /* XCacheHeader.h */,
				214EA42F1BB550A2009FDB78 /* XCache.h */,
				214EA4301BB550A2009FDB78 /* XCache.m */,
				214EA4321BB550C5009FDB78 /* XCacheConfig.h */,
				214EA4331BB550C5009FDB78 /* XCacheConfig.m */,
				214EA4351BB550CC009FDB78 /* XCacheQueue.h */,
				214EA4361BB550CC009FDB78 /* XCacheQueue.m */,
				214EA4381BB550D6009FDB78 /* XCachePool.h */,
				214EA4391BB550D6009FDB78 /* XCachePool.m */,
				214EA43B1BB55124009FDB78 /* XCacheObject.h */,
				214EA43C1BB55124009FDB78 /* XCacheObject.m */,
			);
			name = Lib;
			sourceTree = "<group>";
		};
/* End PBXGroup section */

/* Begin PBXNativeTarget section */
		214EA4021BB54FC4009FDB78 /* XCache */ = {
			isa = PBXNativeTarget;
			buildConfigurationList = 214EA4261BB54FC4009FDB78 /* Build configuration list for PBXNativeTarget "XCache" */;
			buildPhases = (
				214EA3FF1BB54FC4009FDB78 /* Sources */,
				214EA4001BB54FC4009FDB78 /* Frameworks */,
				214EA4011BB54FC4009FDB78 /* Resources */,
			);
			buildRules = (
			);
			dependencies = (
			);
			name = XCache;
			productName = XCache;
			productReference = 214EA4031BB54FC4009FDB78 /* XCache.app */;
			productType = "com.apple.product-type.application";
		};
		214EA41B1BB54FC4009FDB78 /* XCacheTests */ = {
			isa = PBXNativeTarget;
			buildConfigurationList = 214EA4291BB54FC4009FDB78 /* Build configuration list for PBXNativeTarget "XCacheTests" */;
			buildPhases = (
				214EA4181BB54FC4009FDB78 /* Sources */,
				214EA4191BB54FC4009FDB78 /* Frameworks */,
				214EA41A1BB54FC4009FDB78 /* Resources */,
			);
			buildRules = (
			);
			dependencies = (
				214EA41E1BB54FC4009FDB78 /* PBXTargetDependency */,
			);
			name = XCacheTests;
			productName = XCacheTests;
			productReference = 214EA41C1BB54FC4009FDB78 /* XCacheTests.xctest */;
			productType = "com.apple.product-type.bundle.unit-test";
		};
/* End PBXNativeTarget section */

/* Begin PBXProject section */
		214EA3FB1BB54FC4009FDB78 /* Project object */ = {
			isa = PBXProject;
			attributes = {
				LastUpgradeCheck = 0630;
				ORGANIZATIONNAME = XiongZenghui;
				TargetAttributes = {
					214EA4021BB54FC4009FDB78 = {
						CreatedOnToolsVersion = 6.3.1;
					};
					214EA41B1BB54FC4009FDB78 = {
						CreatedOnToolsVersion = 6.3.1;
						TestTargetID = 214EA4021BB54FC4009FDB78;
					};
				};
			};
			buildConfigurationList = 214EA3FE1BB54FC4009FDB78 /* Build configuration list for PBXProject "XCache" */;
			compatibilityVersion = "Xcode 3.2";
			developmentRegion = English;
			hasScannedForEncodings = 0;
			knownRegions = (
				en,
				Base,
			);
			mainGroup = 214EA3FA1BB54FC4009FDB78;
			productRefGroup = 214EA4041BB54FC4009FDB78 /* Products */;
			projectDirPath = "";
			projectRoot = "";
			targets = (
				214EA4021BB54FC4009FDB78 /* XCache */,
				214EA41B1BB54FC4009FDB78 /* XCacheTests */,
			);
		};
/* End PBXProject section */

/* Begin PBXResourcesBuildPhase section */
		214EA4011BB54FC4009FDB78 /* Resources */ = {
			isa = PBXResourcesBuildPhase;
			buildActionMask = 2147483647;
			files = (
				214EA4121BB54FC4009FDB78 /* Main.storyboard in Resources */,
				214EA4171BB54FC4009FDB78 /* LaunchScreen.xib in Resources */,
				214EA4141BB54FC4009FDB78 /* Images.xcassets in Resources */,
			);
			runOnlyForDeploymentPostprocessing = 0;
		};
		214EA41A1BB54FC4009FDB78 /* Resources */ = {
			isa = PBXResourcesBuildPhase;
			buildActionMask = 2147483647;
			files = (
			);
			runOnlyForDeploymentPostprocessing = 0;
		};
/* End PBXResourcesBuildPhase section */

/* Begin PBXSourcesBuildPhase section */
		214EA3FF1BB54FC4009FDB78 /* Sources */ = {
			isa = PBXSourcesBuildPhase;
			buildActionMask = 2147483647;
			files = (
				214EA43A1BB550D6009FDB78 /* XCachePool.m in Sources */,
				214EA40F1BB54FC4009FDB78 /* ViewController.m in Sources */,
				214EA40C1BB54FC4009FDB78 /* AppDelegate.m in Sources */,
				214EA4341BB550C5009FDB78 /* XCacheConfig.m in Sources */,
				214EA43D1BB55124009FDB78 /* XCacheObject.m in Sources */,
				214EA4091BB54FC4009FDB78 /* main.m in Sources */,
				214EA4311BB550A2009FDB78 /* XCache.m in Sources */,
				214EA4371BB550CC009FDB78 /* XCacheQueue.m in Sources */,
			);
			runOnlyForDeploymentPostprocessing = 0;
		};
		214EA4181BB54FC4009FDB78 /* Sources */ = {
			isa = PBXSourcesBuildPhase;
			buildActionMask = 2147483647;
			files = (
				214EA4231BB54FC4009FDB78 /* XCacheTests.m in Sources */,
			);
			runOnlyForDeploymentPostprocessing = 0;
		};
/* End PBXSourcesBuildPhase section */

/* Begin PBXTargetDependency section */
		214EA41E1BB54FC4009FDB78 /* PBXTargetDependency */ = {
			isa = PBXTargetDependency;
			target = 214EA4021BB54FC4009FDB78 /* XCache */;
			targetProxy = 214EA41D1BB54FC4009FDB78 /* PBXContainerItemProxy */;
		};
/* End PBXTargetDependency section */

/* Begin PBXVariantGroup section */
		214EA4101BB54FC4009FDB78 /* Main.storyboard */ = {
			isa = PBXVariantGroup;
			children = (
				214EA4111BB54FC4009FDB78 /* Base */,
			);
			name = Main.storyboard;
			sourceTree = "<group>";
		};
		214EA4151BB54FC4009FDB78 /* LaunchScreen.xib */ = {
			isa = PBXVariantGroup;
			children = (
				214EA4161BB54FC4009FDB78 /* Base */,
			);
			name = LaunchScreen.xib;
			sourceTree = "<group>";
		};
/* End PBXVariantGroup section */

/* Begin XCBuildConfiguration section */
		214EA4241BB54FC4009FDB78 /* Debug */ = {
			isa = XCBuildConfiguration;
			buildSettings = {
				ALWAYS_SEARCH_USER_PATHS = NO;
				CLANG_CXX_LANGUAGE_STANDARD = "gnu++0x";
				CLANG_CXX_LIBRARY = "libc++";
				CLANG_ENABLE_MODULES = YES;
				CLANG_ENABLE_OBJC_ARC = YES;
				CLANG_WARN_BOOL_CONVERSION = YES;
				CLANG_WARN_CONSTANT_CONVERSION = YES;
				CLANG_WARN_DIRECT_OBJC_ISA_USAGE = YES_ERROR;
				CLANG_WARN_EMPTY_BODY = YES;
				CLANG_WARN_ENUM_CONVERSION = YES;
				CLANG_WARN_INT_CONVERSION = YES;
				CLANG_WARN_OBJC_ROOT_CLASS = YES_ERROR;
				CLANG_WARN_UNREACHABLE_CODE = YES;
				CLANG_WARN__DUPLICATE_METHOD_MATCH = YES;
				"CODE_SIGN_IDENTITY[sdk=iphoneos*]" = "iPhone Developer";
				COPY_PHASE_STRIP = NO;
				DEBUG_INFORMATION_FORMAT = "dwarf-with-dsym";
				ENABLE_STRICT_OBJC_MSGSEND = YES;
				GCC_C_LANGUAGE_STANDARD = gnu99;
				GCC_DYNAMIC_NO_PIC = NO;
				GCC_NO_COMMON_BLOCKS = YES;
				GCC_OPTIMIZATION_LEVEL = 0;
				GCC_PREPROCESSOR_DEFINITIONS = (
					"DEBUG=1",
					"$(inherited)",
				);
				GCC_SYMBOLS_PRIVATE_EXTERN = NO;
				GCC_WARN_64_TO_32_BIT_CONVERSION = YES;
				GCC_WARN_ABOUT_RETURN_TYPE = YES_ERROR;
				GCC_WARN_UNDECLARED_SELECTOR = YES;
				GCC_WARN_UNINITIALIZED_AUTOS = YES_AGGRESSIVE;
				GCC_WARN_UNUSED_FUNCTION = YES;
				GCC_WARN_UNUSED_VARIABLE = YES;
				IPHONEOS_DEPLOYMENT_TARGET = 8.3;
				MTL_ENABLE_DEBUG_INFO = YES;
				ONLY_ACTIVE_ARCH = YES;
				SDKROOT = iphoneos;
				TARGETED_DEVICE_FAMILY = "1,2";
			};
			name = Debug;
		};
		214EA4251BB54FC4009FDB78 /* Release */ = {
			isa = XCBuildConfiguration;
			buildSettings = {
				ALWAYS_SEARCH_USER_PATHS = NO;
				CLANG_CXX_LANGUAGE_STANDARD = "gnu++0x";
				CLANG_CXX_LIBRARY = "libc++";
				CLANG_ENABLE_MODULES = YES;
				CLANG_ENABLE_OBJC_ARC = YES;
				CLANG_WARN_BOOL_CONVERSION = YES;
				CLANG_WARN_CONSTANT_CONVERSION = YES;
				CLANG_WARN_DIRECT_OBJC_ISA_USAGE = YES_ERROR;
				CLANG_WARN_EMPTY_BODY = YES;
				CLANG_WARN_ENUM_CONVERSION = YES;
				CLANG_WARN_INT_CONVERSION = YES;
				CLANG_WARN_OBJC_ROOT_CLASS = YES_ERROR;
				CLANG_WARN_UNREACHABLE_CODE = YES;
				CLANG_WARN__DUPLICATE_METHOD_MATCH = YES;
				"CODE_SIGN_IDENTITY[sdk=iphoneos*]" = "iPhone Developer";
				COPY_PHASE_STRIP = NO;
				DEBUG_INFORMATION_FORMAT = "dwarf-with-dsym";
				ENABLE_NS_ASSERTIONS = NO;
				ENABLE_STRICT_OBJC_MSGSEND = YES;
				GCC_C_LANGUAGE_STANDARD = gnu99;
				GCC_NO_COMMON_BLOCKS = YES;
				GCC_WARN_64_TO_32_BIT_CONVERSION = YES;
				GCC_WARN_ABOUT_RETURN_TYPE = YES_ERROR;
				GCC_WARN_UNDECLARED_SELECTOR = YES;
				GCC_WARN_UNINITIALIZED_AUTOS = YES_AGGRESSIVE;
				GCC_WARN_UNUSED_FUNCTION = YES;
				GCC_WARN_UNUSED_VARIABLE = YES;
				IPHONEOS_DEPLOYMENT_TARGET = 8.3;
				MTL_ENABLE_DEBUG_INFO = NO;
				SDKROOT = iphoneos;
				TARGETED_DEVICE_FAMILY = "1,2";
				VALIDATE_PRODUCT = YES;
			};
			name = Release;
		};
		214EA4271BB54FC4009FDB78 /* Debug */ = {
			isa = XCBuildConfiguration;
			buildSettings = {
				ASSETCATALOG_COMPILER_APPICON_NAME = AppIcon;
				INFOPLIST_FILE = XCache/Info.plist;
				IPHONEOS_DEPLOYMENT_TARGET = 7.1;
				LD_RUNPATH_SEARCH_PATHS = "$(inherited) @executable_path/Frameworks";
				PRODUCT_NAME = "$(TARGET_NAME)";
			};
			name = Debug;
		};
		214EA4281BB54FC4009FDB78 /* Release */ = {
			isa = XCBuildConfiguration;
			buildSettings = {
				ASSETCATALOG_COMPILER_APPICON_NAME = AppIcon;
				INFOPLIST_FILE = XCache/Info.plist;
				IPHONEOS_DEPLOYMENT_TARGET = 7.1;
				LD_RUNPATH_SEARCH_PATHS = "$(inherited) @executable_path/Frameworks";
				PRODUCT_NAME = "$(TARGET_NAME)";
			};
			name = Release;
		};
		214EA42A1BB54FC4009FDB78 /* Debug */ = {
			isa = XCBuildConfiguration;
			buildSettings = {
				BUNDLE_LOADER = "$(TEST_HOST)";
				FRAMEWORK_SEARCH_PATHS = (
					"$(SDKROOT)/Developer/Library/Frameworks",
					"$(inherited)",
				);
				GCC_PREPROCESSOR_DEFINITIONS = (
					"DEBUG=1",
					"$(inherited)",
				);
				INFOPLIST_FILE = XCacheTests/Info.plist;
				LD_RUNPATH_SEARCH_PATHS = "$(inherited) @executable_path/Frameworks @loader_path/Frameworks";
				PRODUCT_NAME = "$(TARGET_NAME)";
				TEST_HOST = "$(BUILT_PRODUCTS_DIR)/XCache.app/XCache";
			};
			name = Debug;
		};
		214EA42B1BB54FC4009FDB78 /* Release */ = {
			isa = XCBuildConfiguration;
			buildSettings = {
				BUNDLE_LOADER = "$(TEST_HOST)";
				FRAMEWORK_SEARCH_PATHS = (
					"$(SDKROOT)/Developer/Library/Frameworks",
					"$(inherited)",
				);
				INFOPLIST_FILE = XCacheTests/Info.plist;
				LD_RUNPATH_SEARCH_PATHS = "$(inherited) @executable_path/Frameworks @loader_path/Frameworks";
				PRODUCT_NAME = "$(TARGET_NAME)";
				TEST_HOST = "$(BUILT_PRODUCTS_DIR)/XCache.app/XCache";
			};
			name = Release;
		};
/* End XCBuildConfiguration section */

/* Begin XCConfigurationList section */
		214EA3FE1BB54FC4009FDB78 /* Build configuration list for PBXProject "XCache" */ = {
			isa = XCConfigurationList;
			buildConfigurations = (
				214EA4241BB54FC4009FDB78 /* Debug */,
				214EA4251BB54FC4009FDB78 /* Release */,
			);
			defaultConfigurationIsVisible = 0;
			defaultConfigurationName = Release;
		};
		214EA4261BB54FC4009FDB78 /* Build configuration list for PBXNativeTarget "XCache" */ = {
			isa = XCConfigurationList;
			buildConfigurations = (
				214EA4271BB54FC4009FDB78 /* Debug */,
				214EA4281BB54FC4009FDB78 /* Release */,
			);
			defaultConfigurationIsVisible = 0;
		};
		214EA4291BB54FC4009FDB78 /* Build configuration list for PBXNativeTarget "XCacheTests" */ = {
			isa = XCConfigurationList;
			buildConfigurations = (
				214EA42A1BB54FC4009FDB78 /* Debug */,
				214EA42B1BB54FC4009FDB78 /* Release */,
			);
			defaultConfigurationIsVisible = 0;
		};
/* End XCConfigurationList section */
	};
	rootObject = 214EA3FB1BB54FC4009FDB78 /* Project object */;
}
